# Ambiente canônico de build Windows x64 — Python 3.14.x
customtkinter==5.2.2
Pillow==12.2.0
pygame-ce==2.5.7
requests==2.34.2
cryptography==46.0.0
lxml==6.0.2
reportlab==4.4.9
BrazilFiscalReport==1.0.1
fpdf2==2.8.8
phonenumbers==9.0.37
python-barcode==0.16.1
defusedxml==0.7.1
openpyxl==3.1.5
matplotlib==3.10.8
pywin32==312
PyInstaller==6.21.0
pyinstaller-hooks-contrib==2026.6
pytest==9.1.1
